// !$*UTF8*$!
{
	archiveVersion = 1;
	classes = {
	};
	objectVersion = 50;
	objects = {

/* Begin PBXBuildFile section */
		8BA5879220FCDAFA0060DE58 /* TDDateRange.m in Sources */ = {isa = PBXBuildFile; fileRef = 8BA5878C20FCDAFA0060DE58 /* TDDateRange.m */; };
		8BA5879320FCDAFA0060DE58 /* TDDateRangePicker.m in Sources */ = {isa = PBXBuildFile; fileRef = 8BA5878E20FCDAFA0060DE58 /* TDDateRangePicker.m */; };
		8BA5879420FCDAFA0060DE58 /* TDPickerTheme.m in Sources */ = {isa = PBXBuildFile; fileRef = 8BA5879020FCDAFA0060DE58 /* TDPickerTheme.m */; };
		8BA5879520FCDAFA0060DE58 /* TDDateRangePicker.xib in Resources */ = {isa = PBXBuildFile; fileRef = 8BA5879120FCDAFA0060DE58 /* TDDateRangePicker.xib */; };
		8BADC74220F4A7AA000BF420 /* AppDelegate.m in Sources */ = {isa = PBXBuildFile; fileRef = 8BADC74120F4A7AA000BF420 /* AppDelegate.m */; };
		8BADC74520F4A7AB000BF420 /* ViewController.m in Sources */ = {isa = PBXBuildFile; fileRef = 8BADC74420F4A7AB000BF420 /* ViewController.m */; };
		8BADC74820F4A7AB000BF420 /* Main.storyboard in Resources */ = {isa = PBXBuildFile; fileRef = 8BADC74620F4A7AB000BF420 /* Main.storyboard */; };
		8BADC74A20F4A7AD000BF420 /* Assets.xcassets in Resources */ = {isa = PBXBuildFile; fileRef = 8BADC74920F4A7AD000BF420 /* Assets.xcassets */; };
		8BADC74D20F4A7AD000BF420 /* LaunchScreen.storyboard in Resources */ = {isa = PBXBuildFile; fileRef = 8BADC74B20F4A7AD000BF420 /* LaunchScreen.storyboard */; };
		8BADC75020F4A7AD000BF420 /* main.m in Sources */ = {isa = PBXBuildFile; fileRef = 8BADC74F20F4A7AD000BF420 /* main.m */; };
		8BADC76120F4AB34000BF420 /* ThemeTableViewProtocol.m in Sources */ = {isa = PBXBuildFile; fileRef = 8BADC76020F4AB34000BF420 /* ThemeTableViewProtocol.m */; };
		8BADC76420F4AD54000BF420 /* ThemeCell.m in Sources */ = {isa = PBXBuildFile; fileRef = 8BADC76320F4AD54000BF420 /* ThemeCell.m */; };
/* End PBXBuildFile section */

/* Begin PBXFileReference section */
		8BA5878B20FCDAFA0060DE58 /* TDDateRangePicker.h */ = {isa = PBXFileReference; fileEncoding = 4; lastKnownFileType = sourcecode.c.h; path = TDDateRangePicker.h; sourceTree = "<group>"; };
		8BA5878C20FCDAFA0060DE58 /* TDDateRange.m */ = {isa = PBXFileReference; fileEncoding = 4; lastKnownFileType = sourcecode.c.objc; path = TDDateRange.m; sourceTree = "<group>"; };
		8BA5878D20FCDAFA0060DE58 /* TDPickerTheme.h */ = {isa = PBXFileReference; fileEncoding = 4; lastKnownFileType = sourcecode.c.h; path = TDPickerTheme.h; sourceTree = "<group>"; };
		8BA5878E20FCDAFA0060DE58 /* TDDateRangePicker.m */ = {isa = PBXFileReference; fileEncoding = 4; lastKnownFileType = sourcecode.c.objc; path = TDDateRangePicker.m; sourceTree = "<group>"; };
		8BA5878F20FCDAFA0060DE58 /* TDDateRange.h */ = {isa = PBXFileReference; fileEncoding = 4; lastKnownFileType = sourcecode.c.h; path = TDDateRange.h; sourceTree = "<group>"; };
		8BA5879020FCDAFA0060DE58 /* TDPickerTheme.m */ = {isa = PBXFileReference; fileEncoding = 4; lastKnownFileType = sourcecode.c.objc; path = TDPickerTheme.m; sourceTree = "<group>"; };
		8BA5879120FCDAFA0060DE58 /* TDDateRangePicker.xib */ = {isa = PBXFileReference; fileEncoding = 4; lastKnownFileType = file.xib; path = TDDateRangePicker.xib; sourceTree = "<group>"; };
		8BADC73D20F4A7AA000BF420 /* DateRangePickerDemo.app */ = {isa = PBXFileReference; explicitFileType = wrapper.application; includeInIndex = 0; path = DateRangePickerDemo.app; sourceTree = BUILT_PRODUCTS_DIR; };
		8BADC74020F4A7AA000BF420 /* AppDelegate.h */ = {isa = PBXFileReference; lastKnownFileType = sourcecode.c.h; path = AppDelegate.h; sourceTree = "<group>"; };
		8BADC74120F4A7AA000BF420 /* AppDelegate.m */ = {isa = PBXFileReference; lastKnownFileType = sourcecode.c.objc; path = AppDelegate.m; sourceTree = "<group>"; };
		8BADC74320F4A7AB000BF420 /* ViewController.h */ = {isa = PBXFileReference; lastKnownFileType = sourcecode.c.h; path = ViewController.h; sourceTree = "<group>"; };
		8BADC74420F4A7AB000BF420 /* ViewController.m */ = {isa = PBXFileReference; lastKnownFileType = sourcecode.c.objc; path = ViewController.m; sourceTree = "<group>"; };
		8BADC74720F4A7AB000BF420 /* Base */ = {isa = PBXFileReference; lastKnownFileType = file.storyboard; name = Base; path = Base.lproj/Main.storyboard; sourceTree = "<group>"; };
		8BADC74920F4A7AD000BF420 /* Assets.xcassets */ = {isa = PBXFileReference; lastKnownFileType = folder.assetcatalog; path = Assets.xcassets; sourceTree = "<group>"; };
		8BADC74C20F4A7AD000BF420 /* Base */ = {isa = PBXFileReference; lastKnownFileType = file.storyboard; name = Base; path = Base.lproj/LaunchScreen.storyboard; sourceTree = "<group>"; };
		8BADC74E20F4A7AD000BF420 /* Info.plist */ = {isa = PBXFileReference; lastKnownFileType = text.plist.xml; path = Info.plist; sourceTree = "<group>"; };
		8BADC74F20F4A7AD000BF420 /* main.m */ = {isa = PBXFileReference; lastKnownFileType = sourcecode.c.objc; path = main.m; sourceTree = "<group>"; };
		8BADC75F20F4AB34000BF420 /* ThemeTableViewProtocol.h */ = {isa = PBXFileReference; lastKnownFileType = sourcecode.c.h; path = ThemeTableViewProtocol.h; sourceTree = "<group>"; };
		8BADC76020F4AB34000BF420 /* ThemeTableViewProtocol.m */ = {isa = PBXFileReference; lastKnownFileType = sourcecode.c.objc; path = ThemeTableViewProtocol.m; sourceTree = "<group>"; };
		8BADC76220F4AD54000BF420 /* ThemeCell.h */ = {isa = PBXFileReference; lastKnownFileType = sourcecode.c.h; path = ThemeCell.h; sourceTree = "<group>"; };
		8BADC76320F4AD54000BF420 /* ThemeCell.m */ = {isa = PBXFileReference; lastKnownFileType = sourcecode.c.objc; path = ThemeCell.m; sourceTree = "<group>"; };
/* End PBXFileReference section */

/* Begin PBXFrameworksBuildPhase section */
		8BADC73A20F4A7AA000BF420 /* Frameworks */ = {
			isa = PBXFrameworksBuildPhase;
			buildActionMask = 2147483647;
			files = (
			);
			runOnlyForDeploymentPostprocessing = 0;
		};
/* End PBXFrameworksBuildPhase section */

/* Begin PBXGroup section */
		8BA5878A20FCDAFA0060DE58 /* TDDateRangePicker */ = {
			isa = PBXGroup;
			children = (
				8BA5878F20FCDAFA0060DE58 /* TDDateRange.h */,
				8BA5878C20FCDAFA0060DE58 /* TDDateRange.m */,
				8BA5878D20FCDAFA0060DE58 /* TDPickerTheme.h */,
				8BA5879020FCDAFA0060DE58 /* TDPickerTheme.m */,
				8BA5878B20FCDAFA0060DE58 /* TDDateRangePicker.h */,
				8BA5878E20FCDAFA0060DE58 /* TDDateRangePicker.m */,
				8BA5879120FCDAFA0060DE58 /* TDDateRangePicker.xib */,
			);
			name = TDDateRangePicker;
			path = ../../TDDateRangePicker;
			sourceTree = "<group>";
		};
		8BADC73420F4A7AA000BF420 = {
			isa = PBXGroup;
			children = (
				8BADC73F20F4A7AA000BF420 /* DateRangePickerDemo */,
				8BADC73E20F4A7AA000BF420 /* Products */,
			);
			sourceTree = "<group>";
		};
		8BADC73E20F4A7AA000BF420 /* Products */ = {
			isa = PBXGroup;
			children = (
				8BADC73D20F4A7AA000BF420 /* DateRangePickerDemo.app */,
			);
			name = Products;
			sourceTree = "<group>";
		};
		8BADC73F20F4A7AA000BF420 /* DateRangePickerDemo */ = {
			isa = PBXGroup;
			children = (
				8BA5878A20FCDAFA0060DE58 /* TDDateRangePicker */,
				8BADC74020F4A7AA000BF420 /* AppDelegate.h */,
				8BADC74120F4A7AA000BF420 /* AppDelegate.m */,
				8BADC74320F4A7AB000BF420 /* ViewController.h */,
				8BADC74420F4A7AB000BF420 /* ViewController.m */,
				8BADC75F20F4AB34000BF420 /* ThemeTableViewProtocol.h */,
				8BADC76020F4AB34000BF420 /* ThemeTableViewProtocol.m */,
				8BADC76220F4AD54000BF420 /* ThemeCell.h */,
				8BADC76320F4AD54000BF420 /* ThemeCell.m */,
				8BADC74620F4A7AB000BF420 /* Main.storyboard */,
				8BADC74920F4A7AD000BF420 /* Assets.xcassets */,
				8BADC74B20F4A7AD000BF420 /* LaunchScreen.storyboard */,
				8BADC74E20F4A7AD000BF420 /* Info.plist */,
				8BADC74F20F4A7AD000BF420 /* main.m */,
			);
			path = DateRangePickerDemo;
			sourceTree = "<group>";
		};
/* End PBXGroup section */

/* Begin PBXNativeTarget section */
		8BADC73C20F4A7AA000BF420 /* DateRangePickerDemo */ = {
			isa = PBXNativeTarget;
			buildConfigurationList = 8BADC75320F4A7AD000BF420 /* Build configuration list for PBXNativeTarget "DateRangePickerDemo" */;
			buildPhases = (
				8BADC73920F4A7AA000BF420 /* Sources */,
				8BADC73A20F4A7AA000BF420 /* Frameworks */,
				8BADC73B20F4A7AA000BF420 /* Resources */,
			);
			buildRules = (
			);
			dependencies = (
			);
			name = DateRangePickerDemo;
			productName = DateRangePickerDemo;
			productReference = 8BADC73D20F4A7AA000BF420 /* DateRangePickerDemo.app */;
			productType = "com.apple.product-type.application";
		};
/* End PBXNativeTarget section */

/* Begin PBXProject section */
		8BADC73520F4A7AA000BF420 /* Project object */ = {
			isa = PBXProject;
			attributes = {
				LastUpgradeCheck = 0940;
				ORGANIZATIONNAME = Developer;
				TargetAttributes = {
					8BADC73C20F4A7AA000BF420 = {
						CreatedOnToolsVersion = 9.4.1;
					};
				};
			};
			buildConfigurationList = 8BADC73820F4A7AA000BF420 /* Build configuration list for PBXProject "DateRangePickerDemo" */;
			compatibilityVersion = "Xcode 9.3";
			developmentRegion = en;
			hasScannedForEncodings = 0;
			knownRegions = (
				en,
				Base,
			);
			mainGroup = 8BADC73420F4A7AA000BF420;
			productRefGroup = 8BADC73E20F4A7AA000BF420 /* Products */;
			projectDirPath = "";
			projectRoot = "";
			targets = (
				8BADC73C20F4A7AA000BF420 /* DateRangePickerDemo */,
			);
		};
/* End PBXProject section */

/* Begin PBXResourcesBuildPhase section */
		8BADC73B20F4A7AA000BF420 /* Resources */ = {
			isa = PBXResourcesBuildPhase;
			buildActionMask = 2147483647;
			files = (
				8BADC74D20F4A7AD000BF420 /* LaunchScreen.storyboard in Resources */,
				8BADC74A20F4A7AD000BF420 /* Assets.xcassets in Resources */,
				8BADC74820F4A7AB000BF420 /* Main.storyboard in Resources */,
				8BA5879520FCDAFA0060DE58 /* TDDateRangePicker.xib in Resources */,
			);
			runOnlyForDeploymentPostprocessing = 0;
		};
/* End PBXResourcesBuildPhase section */

/* Begin PBXSourcesBuildPhase section */
		8BADC73920F4A7AA000BF420 /* Sources */ = {
			isa = PBXSourcesBuildPhase;
			buildActionMask = 2147483647;
			files = (
				8BADC74520F4A7AB000BF420 /* ViewController.m in Sources */,
				8BA5879220FCDAFA0060DE58 /* TDDateRange.m in Sources */,
				8BADC76120F4AB34000BF420 /* ThemeTableViewProtocol.m in Sources */,
				8BA5879420FCDAFA0060DE58 /* TDPickerTheme.m in Sources */,
				8BADC76420F4AD54000BF420 /* ThemeCell.m in Sources */,
				8BADC75020F4A7AD000BF420 /* main.m in Sources */,
				8BA5879320FCDAFA0060DE58 /* TDDateRangePicker.m in Sources */,
				8BADC74220F4A7AA000BF420 /* AppDelegate.m in Sources */,
			);
			runOnlyForDeploymentPostprocessing = 0;
		};
/* End PBXSourcesBuildPhase section */

/* Begin PBXVariantGroup section */
		8BADC74620F4A7AB000BF420 /* Main.storyboard */ = {
			isa = PBXVariantGroup;
			children = (
				8BADC74720F4A7AB000BF420 /* Base */,
			);
			name = Main.storyboard;
			sourceTree = "<group>";
		};
		8BADC74B20F4A7AD000BF420 /* LaunchScreen.storyboard */ = {
			isa = PBXVariantGroup;
			children = (
				8BADC74C20F4A7AD000BF420 /* Base */,
			);
			name = LaunchScreen.storyboard;
			sourceTree = "<group>";
		};
/* End PBXVariantGroup section */

/* Begin XCBuildConfiguration section */
		8BADC75120F4A7AD000BF420 /* Debug */ = {
			isa = XCBuildConfiguration;
			buildSettings = {
				ALWAYS_SEARCH_USER_PATHS = NO;
				CLANG_ANALYZER_NONNULL = YES;
				CLANG_ANALYZER_NUMBER_OBJECT_CONVERSION = YES_AGGRESSIVE;
				CLANG_CXX_LANGUAGE_STANDARD = "gnu++14";
				CLANG_CXX_LIBRARY = "libc++";
				CLANG_ENABLE_MODULES = YES;
				CLANG_ENABLE_OBJC_ARC = YES;
				CLANG_ENABLE_OBJC_WEAK = YES;
				CLANG_WARN_BLOCK_CAPTURE_AUTORELEASING = YES;
				CLANG_WARN_BOOL_CONVERSION = YES;
				CLANG_WARN_COMMA = YES;
				CLANG_WARN_CONSTANT_CONVERSION = YES;
				CLANG_WARN_DEPRECATED_OBJC_IMPLEMENTATIONS = YES;
				CLANG_WARN_DIRECT_OBJC_ISA_USAGE = YES_ERROR;
				CLANG_WARN_DOCUMENTATION_COMMENTS = YES;
				CLANG_WARN_EMPTY_BODY = YES;
				CLANG_WARN_ENUM_CONVERSION = YES;
				CLANG_WARN_INFINITE_RECURSION = YES;
				CLANG_WARN_INT_CONVERSION = YES;
				CLANG_WARN_NON_LITERAL_NULL_CONVERSION = YES;
				CLANG_WARN_OBJC_IMPLICIT_RETAIN_SELF = YES;
				CLANG_WARN_OBJC_LITERAL_CONVERSION = YES;
				CLANG_WARN_OBJC_ROOT_CLASS = YES_ERROR;
				CLANG_WARN_RANGE_LOOP_ANALYSIS = YES;
				CLANG_WARN_STRICT_PROTOTYPES = YES;
				CLANG_WARN_SUSPICIOUS_MOVE = YES;
				CLANG_WARN_UNGUARDED_AVAILABILITY = YES_AGGRESSIVE;
				CLANG_WARN_UNREACHABLE_CODE = YES;
				CLANG_WARN__DUPLICATE_METHOD_MATCH = YES;
				CODE_SIGN_IDENTITY = "iPhone Developer";
				COPY_PHASE_STRIP = NO;
				DEBUG_INFORMATION_FORMAT = dwarf;
				ENABLE_STRICT_OBJC_MSGSEND = YES;
				ENABLE_TESTABILITY = YES;
				GCC_C_LANGUAGE_STANDARD = gnu11;
				GCC_DYNAMIC_NO_PIC = NO;
				GCC_NO_COMMON_BLOCKS = YES;
				GCC_OPTIMIZATION_LEVEL = 0;
				GCC_PREPROCESSOR_DEFINITIONS = (
					"DEBUG=1",
					"$(inherited)",
				);
				GCC_WARN_64_TO_32_BIT_CONVERSION = YES;
				GCC_WARN_ABOUT_RETURN_TYPE = YES_ERROR;
				GCC_WARN_UNDECLARED_SELECTOR = YES;
				GCC_WARN_UNINITIALIZED_AUTOS = YES_AGGRESSIVE;
				GCC_WARN_UNUSED_FUNCTION = YES;
				GCC_WARN_UNUSED_VARIABLE = YES;
				IPHONEOS_DEPLOYMENT_TARGET = 9.0;
				MTL_ENABLE_DEBUG_INFO = YES;
				ONLY_ACTIVE_ARCH = YES;
				SDKROOT = iphoneos;
			};
			name = Debug;
		};
		8BADC75220F4A7AD000BF420 /* Release */ = {
			isa = XCBuildConfiguration;
			buildSettings = {
				ALWAYS_SEARCH_USER_PATHS = NO;
				CLANG_ANALYZER_NONNULL = YES;
				CLANG_ANALYZER_NUMBER_OBJECT_CONVERSION = YES_AGGRESSIVE;
				CLANG_CXX_LANGUAGE_STANDARD = "gnu++14";
				CLANG_CXX_LIBRARY = "libc++";
				CLANG_ENABLE_MODULES = YES;
				CLANG_ENABLE_OBJC_ARC = YES;
				CLANG_ENABLE_OBJC_WEAK = YES;
				CLANG_WARN_BLOCK_CAPTURE_AUTORELEASING = YES;
				CLANG_WARN_BOOL_CONVERSION = YES;
				CLANG_WARN_COMMA = YES;
				CLANG_WARN_CONSTANT_CONVERSION = YES;
				CLANG_WARN_DEPRECATED_OBJC_IMPLEMENTATIONS = YES;
				CLANG_WARN_DIRECT_OBJC_ISA_USAGE = YES_ERROR;
				CLANG_WARN_DOCUMENTATION_COMMENTS = YES;
				CLANG_WARN_EMPTY_BODY = YES;
				CLANG_WARN_ENUM_CONVERSION = YES;
				CLANG_WARN_INFINITE_RECURSION = YES;
				CLANG_WARN_INT_CONVERSION = YES;
				CLANG_WARN_NON_LITERAL_NULL_CONVERSION = YES;
				CLANG_WARN_OBJC_IMPLICIT_RETAIN_SELF = YES;
				CLANG_WARN_OBJC_LITERAL_CONVERSION = YES;
				CLANG_WARN_OBJC_ROOT_CLASS = YES_ERROR;
				CLANG_WARN_RANGE_LOOP_ANALYSIS = YES;
				CLANG_WARN_STRICT_PROTOTYPES = YES;
				CLANG_WARN_SUSPICIOUS_MOVE = YES;
				CLANG_WARN_UNGUARDED_AVAILABILITY = YES_AGGRESSIVE;
				CLANG_WARN_UNREACHABLE_CODE = YES;
				CLANG_WARN__DUPLICATE_METHOD_MATCH = YES;
				CODE_SIGN_IDENTITY = "iPhone Developer";
				COPY_PHASE_STRIP = NO;
				DEBUG_INFORMATION_FORMAT = "dwarf-with-dsym";
				ENABLE_NS_ASSERTIONS = NO;
				ENABLE_STRICT_OBJC_MSGSEND = YES;
				GCC_C_LANGUAGE_STANDARD = gnu11;
				GCC_NO_COMMON_BLOCKS = YES;
				GCC_WARN_64_TO_32_BIT_CONVERSION = YES;
				GCC_WARN_ABOUT_RETURN_TYPE = YES_ERROR;
				GCC_WARN_UNDECLARED_SELECTOR = YES;
				GCC_WARN_UNINITIALIZED_AUTOS = YES_AGGRESSIVE;
				GCC_WARN_UNUSED_FUNCTION = YES;
				GCC_WARN_UNUSED_VARIABLE = YES;
				IPHONEOS_DEPLOYMENT_TARGET = 9.0;
				MTL_ENABLE_DEBUG_INFO = NO;
				SDKROOT = iphoneos;
				VALIDATE_PRODUCT = YES;
			};
			name = Release;
		};
		8BADC75420F4A7AD000BF420 /* Debug */ = {
			isa = XCBuildConfiguration;
			buildSettings = {
				ASSETCATALOG_COMPILER_APPICON_NAME = AppIcon;
				CODE_SIGN_STYLE = Automatic;
				DEVELOPMENT_TEAM = DJPZFUANSV;
				INFOPLIST_FILE = DateRangePickerDemo/Info.plist;
				LD_RUNPATH_SEARCH_PATHS = (
					"$(inherited)",
					"@executable_path/Frameworks",
				);
				PRODUCT_BUNDLE_IDENTIFIER = com.topdevs.DateRangePickerDemo;
				PRODUCT_NAME = "$(TARGET_NAME)";
				TARGETED_DEVICE_FAMILY = "1,2";
			};
			name = Debug;
		};
		8BADC75520F4A7AD000BF420 /* Release */ = {
			isa = XCBuildConfiguration;
			buildSettings = {
				ASSETCATALOG_COMPILER_APPICON_NAME = AppIcon;
				CODE_SIGN_STYLE = Automatic;
				DEVELOPMENT_TEAM = DJPZFUANSV;
				INFOPLIST_FILE = DateRangePickerDemo/Info.plist;
				LD_RUNPATH_SEARCH_PATHS = (
					"$(inherited)",
					"@executable_path/Frameworks",
				);
				PRODUCT_BUNDLE_IDENTIFIER = com.topdevs.DateRangePickerDemo;
				PRODUCT_NAME = "$(TARGET_NAME)";
				TARGETED_DEVICE_FAMILY = "1,2";
			};
			name = Release;
		};
/* End XCBuildConfiguration section */

/* Begin XCConfigurationList section */
		8BADC73820F4A7AA000BF420 /* Build configuration list for PBXProject "DateRangePickerDemo" */ = {
			isa = XCConfigurationList;
			buildConfigurations = (
				8BADC75120F4A7AD000BF420 /* Debug */,
				8BADC75220F4A7AD000BF420 /* Release */,
			);
			defaultConfigurationIsVisible = 0;
			defaultConfigurationName = Release;
		};
		8BADC75320F4A7AD000BF420 /* Build configuration list for PBXNativeTarget "DateRangePickerDemo" */ = {
			isa = XCConfigurationList;
			buildConfigurations = (
				8BADC75420F4A7AD000BF420 /* Debug */,
				8BADC75520F4A7AD000BF420 /* Release */,
			);
			defaultConfigurationIsVisible = 0;
			defaultConfigurationName = Release;
		};
/* End XCConfigurationList section */
	};
	rootObject = 8BADC73520F4A7AA000BF420 /* Project object */;
}
